<?xml version="1.0" encoding="utf-8"?>
<Project ToolsVersion="4.0" xmlns="http://schemas.microsoft.com/developer/msbuild/2003">
  <ItemGroup>
    <Filter Include="Source Files">
      <UniqueIdentifier>{4FC737F1-C7A5-4376-A066-2A32D752A2FF}</UniqueIdentifier>
      <Extensions>cpp;c;cc;cxx;c++;cppm;ixx;def;odl;idl;hpj;bat;asm;asmx</Extensions>
    </Filter>
    <Filter Include="Header Files">
      <UniqueIdentifier>{93995380-89BD-4b04-88EB-625FBE52EBFB}</UniqueIdentifier>
      <Extensions>h;hh;hpp;hxx;h++;hm;inl;inc;ipp;xsd</Extensions>
    </Filter>
    <Filter Include="Resource Files">
      <UniqueIdentifier>{67DA6AB6-F800-4c08-8B7A-83BB121AAD01}</UniqueIdentifier>
      <Extensions>rc;ico;cur;bmp;dlg;rc2;rct;bin;rgs;gif;jpg;jpeg;jpe;resx;tiff;tif;png;wav;mfcribbon-ms</Extensions>
    </Filter>
  </ItemGroup>
  <ItemGroup>
    <ClCompile Include="StateMachine.h">
      <Filter>Header Files</Filter>
    </ClCompile>
    <ClCompile Include="StateMachine.cpp">
      <Filter>Source Files</Filter>
    </ClCompile>
    <ClCompile Include="AssetManager.cpp">
      <Filter>Source Files</Filter>
    </ClCompile>
    <ClCompile Include="InputManager.cpp">
      <Filter>Source Files</Filter>
    </ClCompile>
    <ClCompile Include="Game.cpp">
      <Filter>Source Files</Filter>
    </ClCompile>
    <ClCompile Include="MainState.cpp">
      <Filter>Source Files</Filter>
    </ClCompile>
    <ClCompile Include="SelectState.cpp">
      <Filter>Source Files</Filter>
    </ClCompile>
    <ClCompile Include="Pet.cpp">
      <Filter>Source Files</Filter>
    </ClCompile>
    <ClCompile Include="Need.cpp">
      <Filter>Source Files</Filter>
    </ClCompile>
    <ClCompile Include="SoundManage.cpp">
      <Filter>Source Files</Filter>
    </ClCompile>
    <ClCompile Include="SpeakState.cpp">
      <Filter>Source Files</Filter>
    </ClCompile>
    <ClCompile Include="GameState.cpp">
      <Filter>Source Files</Filter>
    </ClCompile>
    <ClCompile Include="EffectsControl.cpp">
      <Filter>Source Files</Filter>
    </ClCompile>
    <ClCompile Include="Heart.cpp">
      <Filter>Source Files</Filter>
    </ClCompile>
    <ClCompile Include="Menu.cpp">
      <Filter>Source Files</Filter>
    </ClCompile>
    <ClCompile Include="Accessorizes.cpp">
      <Filter>Source Files</Filter>
    </ClCompile>
    <ClCompile Include="YardState.cpp">
      <Filter>Source Files</Filter>
    </ClCompile>
    <ClCompile Include="MyNooni.cpp">
      <Filter>Source Files</Filter>
    </ClCompile>
    <ClCompile Include="LevelState.cpp">
      <Filter>Source Files</Filter>
    </ClCompile>
    <ClCompile Include="Level1.cpp">
      <Filter>Source Files</Filter>
    </ClCompile>
    <ClCompile Include="Level2.cpp">
      <Filter>Source Files</Filter>
    </ClCompile>
    <ClCompile Include="Level3.cpp">
      <Filter>Source Files</Filter>
    </ClCompile>
    <ClCompile Include="Animation.cpp">
      <Filter>Source Files</Filter>
    </ClCompile>
    <ClCompile Include="TicTacToe.cpp">
      <Filter>Source Files</Filter>
    </ClCompile>
    <ClCompile Include="AI.cpp">
      <Filter>Source Files</Filter>
    </ClCompile>
    <ClCompile Include="Pam.cpp">
      <Filter>Source Files</Filter>
    </ClCompile>
    <ClCompile Include="SmallPam.cpp">
      <Filter>Source Files</Filter>
    </ClCompile>
    <ClCompile Include="BigPam.cpp">
      <Filter>Source Files</Filter>
    </ClCompile>
    <ClCompile Include="FoodMenu.cpp">
      <Filter>Source Files</Filter>
    </ClCompile>
    <ClCompile Include="ToysMenu.cpp">
      <Filter>Source Files</Filter>
    </ClCompile>
  </ItemGroup>
  <ItemGroup>
    <ClInclude Include="State.h">
      <Filter>Header Files</Filter>
    </ClInclude>
    <ClInclude Include="AssetManager.h">
      <Filter>Header Files</Filter>
    </ClInclude>
    <ClInclude Include="InputManager.h">
      <Filter>Header Files</Filter>
    </ClInclude>
    <ClInclude Include="Game.h">
      <Filter>Header Files</Filter>
    </ClInclude>
    <ClInclude Include="MainState.h">
      <Filter>Header Files</Filter>
    </ClInclude>
    <ClInclude Include="SelectState.h">
      <Filter>Header Files</Filter>
    </ClInclude>
    <ClInclude Include="Pet.h">
      <Filter>Header Files</Filter>
    </ClInclude>
    <ClInclude Include="Need.h">
      <Filter>Header Files</Filter>
    </ClInclude>
    <ClInclude Include="SoundManage.h">
      <Filter>Header Files</Filter>
    </ClInclude>
    <ClInclude Include="GameState.h">
      <Filter>Header Files</Filter>
    </ClInclude>
    <ClInclude Include="EffectsControl.h">
      <Filter>Header Files</Filter>
    </ClInclude>
    <ClInclude Include="Heart.h">
      <Filter>Header Files</Filter>
    </ClInclude>
    <ClInclude Include="SpeakState.h">
      <Filter>Header Files</Filter>
    </ClInclude>
    <ClInclude Include="Menu.h">
      <Filter>Header Files</Filter>
    </ClInclude>
    <ClInclude Include="Accessorizes.h">
      <Filter>Header Files</Filter>
    </ClInclude>
    <ClInclude Include="YardState.h">
      <Filter>Header Files</Filter>
    </ClInclude>
    <ClInclude Include="LevelState.h">
      <Filter>Header Files</Filter>
    </ClInclude>
    <ClInclude Include="Level1.h">
      <Filter>Header Files</Filter>
    </ClInclude>
    <ClInclude Include="Level2.h">
      <Filter>Header Files</Filter>
    </ClInclude>
    <ClInclude Include="Level3.h">
      <Filter>Header Files</Filter>
    </ClInclude>
    <ClInclude Include="Animation.h">
      <Filter>Header Files</Filter>
    </ClInclude>
    <ClInclude Include="Definitions.h">
      <Filter>Header Files</Filter>
    </ClInclude>
    <ClInclude Include="TicTacToe.h">
      <Filter>Header Files</Filter>
    </ClInclude>
    <ClInclude Include="AI.h">
      <Filter>Header Files</Filter>
    </ClInclude>
    <ClInclude Include="Pam.h">
      <Filter>Header Files</Filter>
    </ClInclude>
    <ClInclude Include="SmallPam.h">
      <Filter>Header Files</Filter>
    </ClInclude>
    <ClInclude Include="BigPam.h">
      <Filter>Header Files</Filter>
    </ClInclude>
    <ClInclude Include="FoodMenu.h">
      <Filter>Header Files</Filter>
    </ClInclude>
    <ClInclude Include="ToysMenu.h">
      <Filter>Header Files</Filter>
    </ClInclude>
  </ItemGroup>
</Project>